// !$*UTF8*$!
{
	archiveVersion = 1;
	classes = {
	};
	objectVersion = 46;
	objects = {

/* Begin PBXBuildFile section */
		1491846A158A744D00AE6A91 /* UIKit.framework in Frameworks */ = {isa = PBXBuildFile; fileRef = 14918469158A744D00AE6A91 /* UIKit.framework */; };
		1491846C158A744D00AE6A91 /* Foundation.framework in Frameworks */ = {isa = PBXBuildFile; fileRef = 1491846B158A744D00AE6A91 /* Foundation.framework */; };
		1491846E158A744D00AE6A91 /* CoreGraphics.framework in Frameworks */ = {isa = PBXBuildFile; fileRef = 1491846D158A744D00AE6A91 /* CoreGraphics.framework */; };
		14918474158A744D00AE6A91 /* InfoPlist.strings in Resources */ = {isa = PBXBuildFile; fileRef = 14918472158A744D00AE6A91 /* InfoPlist.strings */; };
		14918476158A744D00AE6A91 /* main.m in Sources */ = {isa = PBXBuildFile; fileRef = 14918475158A744D00AE6A91 /* main.m */; };
		1491847A158A744D00AE6A91 /* AppDelegate.m in Sources */ = {isa = PBXBuildFile; fileRef = 14918479158A744D00AE6A91 /* AppDelegate.m */; };
		14918482158A744E00AE6A91 /* SenTestingKit.framework in Frameworks */ = {isa = PBXBuildFile; fileRef = 14918481158A744E00AE6A91 /* SenTestingKit.framework */; };
		14918483158A744E00AE6A91 /* UIKit.framework in Frameworks */ = {isa = PBXBuildFile; fileRef = 14918469158A744D00AE6A91 /* UIKit.framework */; };
		14918484158A744E00AE6A91 /* Foundation.framework in Frameworks */ = {isa = PBXBuildFile; fileRef = 1491846B158A744D00AE6A91 /* Foundation.framework */; };
		1491848C158A744E00AE6A91 /* InfoPlist.strings in Resources */ = {isa = PBXBuildFile; fileRef = 1491848A158A744E00AE6A91 /* InfoPlist.strings */; };
		1491848F158A744E00AE6A91 /* TestAppTests.m in Sources */ = {isa = PBXBuildFile; fileRef = 1491848E158A744E00AE6A91 /* TestAppTests.m */; };
/* End PBXBuildFile section */

/* Begin PBXContainerItemProxy section */
		14918485158A744E00AE6A91 /* PBXContainerItemProxy */ = {
			isa = PBXContainerItemProxy;
			containerPortal = 1491845C158A744D00AE6A91 /* Project object */;
			proxyType = 1;
			remoteGlobalIDString = 14918464158A744D00AE6A91;
			remoteInfo = TestApp;
		};
/* End PBXContainerItemProxy section */

/* Begin PBXFileReference section */
		14918465158A744D00AE6A91 /* TestApp.app */ = {isa = PBXFileReference; explicitFileType = wrapper.application; includeInIndex = 0; path = TestApp.app; sourceTree = BUILT_PRODUCTS_DIR; };
		14918469158A744D00AE6A91 /* UIKit.framework */ = {isa = PBXFileReference; lastKnownFileType = wrapper.framework; name = UIKit.framework; path = System/Library/Frameworks/UIKit.framework; sourceTree = SDKROOT; };
		1491846B158A744D00AE6A91 /* Foundation.framework */ = {isa = PBXFileReference; lastKnownFileType = wrapper.framework; name = Foundation.framework; path = System/Library/Frameworks/Foundation.framework; sourceTree = SDKROOT; };
		1491846D158A744D00AE6A91 /* CoreGraphics.framework */ = {isa = PBXFileReference; lastKnownFileType = wrapper.framework; name = CoreGraphics.framework; path = System/Library/Frameworks/CoreGraphics.framework; sourceTree = SDKROOT; };
		14918471158A744D00AE6A91 /* TestApp-Info.plist */ = {isa = PBXFileReference; lastKnownFileType = text.plist.xml; path = "TestApp-Info.plist"; sourceTree = "<group>"; };
		14918473158A744D00AE6A91 /* en */ = {isa = PBXFileReference; lastKnownFileType = text.plist.strings; name = en; path = en.lproj/InfoPlist.strings; sourceTree = "<group>"; };
		14918475158A744D00AE6A91 /* main.m */ = {isa = PBXFileReference; lastKnownFileType = sourcecode.c.objc; path = main.m; sourceTree = "<group>"; };
		14918477158A744D00AE6A91 /* TestApp-Prefix.pch */ = {isa = PBXFileReference; lastKnownFileType = sourcecode.c.h; path = "TestApp-Prefix.pch"; sourceTree = "<group>"; };
		14918478158A744D00AE6A91 /* AppDelegate.h */ = {isa = PBXFileReference; lastKnownFileType = sourcecode.c.h; path = AppDelegate.h; sourceTree = "<group>"; };
		14918479158A744D00AE6A91 /* AppDelegate.m */ = {isa = PBXFileReference; lastKnownFileType = sourcecode.c.objc; path = AppDelegate.m; sourceTree = "<group>"; };
		14918480158A744E00AE6A91 /* TestAppTests.octest */ = {isa = PBXFileReference; explicitFileType = wrapper.cfbundle; includeInIndex = 0; path = TestAppTests.octest; sourceTree = BUILT_PRODUCTS_DIR; };
		14918481158A744E00AE6A91 /* SenTestingKit.framework */ = {isa = PBXFileReference; lastKnownFileType = wrapper.framework; name = SenTestingKit.framework; path = Library/Frameworks/SenTestingKit.framework; sourceTree = DEVELOPER_DIR; };
		14918489158A744E00AE6A91 /* TestAppTests-Info.plist */ = {isa = PBXFileReference; lastKnownFileType = text.plist.xml; path = "TestAppTests-Info.plist"; sourceTree = "<group>"; };
		1491848B158A744E00AE6A91 /* en */ = {isa = PBXFileReference; lastKnownFileType = text.plist.strings; name = en; path = en.lproj/InfoPlist.strings; sourceTree = "<group>"; };
		1491848D158A744E00AE6A91 /* TestAppTests.h */ = {isa = PBXFileReference; lastKnownFileType = sourcecode.c.h; path = TestAppTests.h; sourceTree = "<group>"; };
		1491848E158A744E00AE6A91 /* TestAppTests.m */ = {isa = PBXFileReference; lastKnownFileType = sourcecode.c.objc; path = TestAppTests.m; sourceTree = "<group>"; };
/* End PBXFileReference section */

/* Begin PBXFrameworksBuildPhase section */
		14918462158A744D00AE6A91 /* Frameworks */ = {
			isa = PBXFrameworksBuildPhase;
			buildActionMask = 2147483647;
			files = (
				1491846A158A744D00AE6A91 /* UIKit.framework in Frameworks */,
				1491846C158A744D00AE6A91 /* Foundation.framework in Frameworks */,
				1491846E158A744D00AE6A91 /* CoreGraphics.framework in Frameworks */,
			);
			runOnlyForDeploymentPostprocessing = 0;
		};
		1491847C158A744E00AE6A91 /* Frameworks */ = {
			isa = PBXFrameworksBuildPhase;
			buildActionMask = 2147483647;
			files = (
				14918482158A744E00AE6A91 /* SenTestingKit.framework in Frameworks */,
				14918483158A744E00AE6A91 /* UIKit.framework in Frameworks */,
				14918484158A744E00AE6A91 /* Foundation.framework in Frameworks */,
			);
			runOnlyForDeploymentPostprocessing = 0;
		};
/* End PBXFrameworksBuildPhase section */

/* Begin PBXGroup section */
		1491845A158A744D00AE6A91 = {
			isa = PBXGroup;
			children = (
				1491846F158A744D00AE6A91 /* TestApp */,
				14918487158A744E00AE6A91 /* TestAppTests */,
				14918468158A744D00AE6A91 /* Frameworks */,
				14918466158A744D00AE6A91 /* Products */,
			);
			sourceTree = "<group>";
		};
		14918466158A744D00AE6A91 /* Products */ = {
			isa = PBXGroup;
			children = (
				14918465158A744D00AE6A91 /* TestApp.app */,
				14918480158A744E00AE6A91 /* TestAppTests.octest */,
			);
			name = Products;
			sourceTree = "<group>";
		};
		14918468158A744D00AE6A91 /* Frameworks */ = {
			isa = PBXGroup;
			children = (
				14918469158A744D00AE6A91 /* UIKit.framework */,
				1491846B158A744D00AE6A91 /* Foundation.framework */,
				1491846D158A744D00AE6A91 /* CoreGraphics.framework */,
				14918481158A744E00AE6A91 /* SenTestingKit.framework */,
			);
			name = Frameworks;
			sourceTree = "<group>";
		};
		1491846F158A744D00AE6A91 /* TestApp */ = {
			isa = PBXGroup;
			children = (
				14918478158A744D00AE6A91 /* AppDelegate.h */,
				14918479158A744D00AE6A91 /* AppDelegate.m */,
				14918470158A744D00AE6A91 /* Supporting Files */,
			);
			path = TestApp;
			sourceTree = "<group>";
		};
		14918470158A744D00AE6A91 /* Supporting Files */ = {
			isa = PBXGroup;
			children = (
				14918471158A744D00AE6A91 /* TestApp-Info.plist */,
				14918472158A744D00AE6A91 /* InfoPlist.strings */,
				14918475158A744D00AE6A91 /* main.m */,
				14918477158A744D00AE6A91 /* TestApp-Prefix.pch */,
			);
			name = "Supporting Files";
			sourceTree = "<group>";
		};
		14918487158A744E00AE6A91 /* TestAppTests */ = {
			isa = PBXGroup;
			children = (
				1491848D158A744E00AE6A91 /* TestAppTests.h */,
				1491848E158A744E00AE6A91 /* TestAppTests.m */,
				14918488158A744E00AE6A91 /* Supporting Files */,
			);
			path = TestAppTests;
			sourceTree = "<group>";
		};
		14918488158A744E00AE6A91 /* Supporting Files */ = {
			isa = PBXGroup;
			children = (
				14918489158A744E00AE6A91 /* TestAppTests-Info.plist */,
				1491848A158A744E00AE6A91 /* InfoPlist.strings */,
			);
			name = "Supporting Files";
			sourceTree = "<group>";
		};
/* End PBXGroup section */

/* Begin PBXNativeTarget section */
		14918464158A744D00AE6A91 /* TestApp */ = {
			isa = PBXNativeTarget;
			buildConfigurationList = 14918492158A744E00AE6A91 /* Build configuration list for PBXNativeTarget "TestApp" */;
			buildPhases = (
				14918461158A744D00AE6A91 /* Sources */,
				14918462158A744D00AE6A91 /* Frameworks */,
				14918463158A744D00AE6A91 /* Resources */,
			);
			buildRules = (
			);
			dependencies = (
			);
			name = TestApp;
			productName = TestApp;
			productReference = 14918465158A744D00AE6A91 /* TestApp.app */;
			productType = "com.apple.product-type.application";
		};
		1491847F158A744E00AE6A91 /* TestAppTests */ = {
			isa = PBXNativeTarget;
			buildConfigurationList = 14918495158A744E00AE6A91 /* Build configuration list for PBXNativeTarget "TestAppTests" */;
			buildPhases = (
				1491847B158A744E00AE6A91 /* Sources */,
				1491847C158A744E00AE6A91 /* Frameworks */,
				1491847D158A744E00AE6A91 /* Resources */,
				1491847E158A744E00AE6A91 /* ShellScript */,
			);
			buildRules = (
			);
			dependencies = (
				14918486158A744E00AE6A91 /* PBXTargetDependency */,
			);
			name = TestAppTests;
			productName = TestAppTests;
			productReference = 14918480158A744E00AE6A91 /* TestAppTests.octest */;
			productType = "com.apple.product-type.bundle";
		};
/* End PBXNativeTarget section */

/* Begin PBXProject section */
		1491845C158A744D00AE6A91 /* Project object */ = {
			isa = PBXProject;
			attributes = {
				LastUpgradeCheck = 0450;
				ORGANIZATIONNAME = "Sean Timm";
			};
			buildConfigurationList = 1491845F158A744D00AE6A91 /* Build configuration list for PBXProject "TestApp" */;
			compatibilityVersion = "Xcode 3.2";
			developmentRegion = English;
			hasScannedForEncodings = 0;
			knownRegions = (
				en,
			);
			mainGroup = 1491845A158A744D00AE6A91;
			productRefGroup = 14918466158A744D00AE6A91 /* Products */;
			projectDirPath = "";
			projectRoot = "";
			targets = (
				14918464158A744D00AE6A91 /* TestApp */,
				1491847F158A744E00AE6A91 /* TestAppTests */,
			);
		};
/* End PBXProject section */

/* Begin PBXResourcesBuildPhase section */
		14918463158A744D00AE6A91 /* Resources */ = {
			isa = PBXResourcesBuildPhase;
			buildActionMask = 2147483647;
			files = (
				14918474158A744D00AE6A91 /* InfoPlist.strings in Resources */,
			);
			runOnlyForDeploymentPostprocessing = 0;
		};
		1491847D158A744E00AE6A91 /* Resources */ = {
			isa = PBXResourcesBuildPhase;
			buildActionMask = 2147483647;
			files = (
				1491848C158A744E00AE6A91 /* InfoPlist.strings in Resources */,
			);
			runOnlyForDeploymentPostprocessing = 0;
		};
/* End PBXResourcesBuildPhase section */

/* Begin PBXShellScriptBuildPhase section */
		1491847E158A744E00AE6A91 /* ShellScript */ = {
			isa = PBXShellScriptBuildPhase;
			buildActionMask = 2147483647;
			files = (
			);
			inputPaths = (
			);
			outputPaths = (
			);
			runOnlyForDeploymentPostprocessing = 0;
			shellPath = /bin/sh;
			shellScript = "# Run the unit tests in this test bundle.\n\"${SYSTEM_DEVELOPER_DIR}/Tools/RunUnitTests\"\n";
		};
/* End PBXShellScriptBuildPhase section */

/* Begin PBXSourcesBuildPhase section */
		14918461158A744D00AE6A91 /* Sources */ = {
			isa = PBXSourcesBuildPhase;
			buildActionMask = 2147483647;
			files = (
				14918476158A744D00AE6A91 /* main.m in Sources */,
				1491847A158A744D00AE6A91 /* AppDelegate.m in Sources */,
			);
			runOnlyForDeploymentPostprocessing = 0;
		};
		1491847B158A744E00AE6A91 /* Sources */ = {
			isa = PBXSourcesBuildPhase;
			buildActionMask = 2147483647;
			files = (
				1491848F158A744E00AE6A91 /* TestAppTests.m in Sources */,
			);
			runOnlyForDeploymentPostprocessing = 0;
		};
/* End PBXSourcesBuildPhase section */

/* Begin PBXTargetDependency section */
		14918486158A744E00AE6A91 /* PBXTargetDependency */ = {
			isa = PBXTargetDependency;
			target = 14918464158A744D00AE6A91 /* TestApp */;
			targetProxy = 14918485158A744E00AE6A91 /* PBXContainerItemProxy */;
		};
/* End PBXTargetDependency section */

/* Begin PBXVariantGroup section */
		14918472158A744D00AE6A91 /* InfoPlist.strings */ = {
			isa = PBXVariantGroup;
			children = (
				14918473158A744D00AE6A91 /* en */,
			);
			name = InfoPlist.strings;
			sourceTree = "<group>";
		};
		1491848A158A744E00AE6A91 /* InfoPlist.strings */ = {
			isa = PBXVariantGroup;
			children = (
				1491848B158A744E00AE6A91 /* en */,
			);
			name = InfoPlist.strings;
			sourceTree = "<group>";
		};
/* End PBXVariantGroup section */

/* Begin XCBuildConfiguration section */
		14918490158A744E00AE6A91 /* Debug */ = {
			isa = XCBuildConfiguration;
			buildSettings = {
				ALWAYS_SEARCH_USER_PATHS = NO;
				CLANG_CXX_LANGUAGE_STANDARD = "gnu++0x";
				CLANG_ENABLE_OBJC_ARC = YES;
				CLANG_WARN__DUPLICATE_METHOD_MATCH = YES;
				"CODE_SIGN_IDENTITY[sdk=iphoneos*]" = "iPhone Developer";
				COPY_PHASE_STRIP = NO;
				GCC_C_LANGUAGE_STANDARD = gnu99;
				GCC_DYNAMIC_NO_PIC = NO;
				GCC_OPTIMIZATION_LEVEL = 0;
				GCC_PREPROCESSOR_DEFINITIONS = (
					"DEBUG=1",
					"$(inherited)",
				);
				GCC_SYMBOLS_PRIVATE_EXTERN = NO;
				GCC_WARN_ABOUT_RETURN_TYPE = YES;
				GCC_WARN_UNINITIALIZED_AUTOS = YES;
				GCC_WARN_UNUSED_VARIABLE = YES;
				IPHONEOS_DEPLOYMENT_TARGET = 6.0;
				SDKROOT = iphoneos;
				TARGETED_DEVICE_FAMILY = "1,2";
			};
			name = Debug;
		};
		14918491158A744E00AE6A91 /* Release */ = {
			isa = XCBuildConfiguration;
			buildSettings = {
				ALWAYS_SEARCH_USER_PATHS = NO;
				CLANG_CXX_LANGUAGE_STANDARD = "gnu++0x";
				CLANG_ENABLE_OBJC_ARC = YES;
				CLANG_WARN__DUPLICATE_METHOD_MATCH = YES;
				"CODE_SIGN_IDENTITY[sdk=iphoneos*]" = "iPhone Developer";
				COPY_PHASE_STRIP = YES;
				GCC_C_LANGUAGE_STANDARD = gnu99;
				GCC_WARN_ABOUT_RETURN_TYPE = YES;
				GCC_WARN_UNINITIALIZED_AUTOS = YES;
				GCC_WARN_UNUSED_VARIABLE = YES;
				IPHONEOS_DEPLOYMENT_TARGET = 6.0;
				OTHER_CFLAGS = "-DNS_BLOCK_ASSERTIONS=1";
				SDKROOT = iphoneos;
				TARGETED_DEVICE_FAMILY = "1,2";
				VALIDATE_PRODUCT = YES;
			};
			name = Release;
		};
		14918493158A744E00AE6A91 /* Debug */ = {
			isa = XCBuildConfiguration;
			buildSettings = {
				GCC_PRECOMPILE_PREFIX_HEADER = YES;
				GCC_PREFIX_HEADER = "TestApp/TestApp-Prefix.pch";
				INFOPLIST_FILE = "TestApp/TestApp-Info.plist";
				PRODUCT_NAME = "$(TARGET_NAME)";
				TARGETED_DEVICE_FAMILY = 1;
				WRAPPER_EXTENSION = app;
			};
			name = Debug;
		};
		14918494158A744E00AE6A91 /* Release */ = {
			isa = XCBuildConfiguration;
			buildSettings = {
				GCC_PRECOMPILE_PREFIX_HEADER = YES;
				GCC_PREFIX_HEADER = "TestApp/TestApp-Prefix.pch";
				INFOPLIST_FILE = "TestApp/TestApp-Info.plist";
				PRODUCT_NAME = "$(TARGET_NAME)";
				TARGETED_DEVICE_FAMILY = 1;
				WRAPPER_EXTENSION = app;
			};
			name = Release;
		};
		14918496158A744E00AE6A91 /* Debug */ = {
			isa = XCBuildConfiguration;
			buildSettings = {
				BUNDLE_LOADER = "$(BUILT_PRODUCTS_DIR)/TestApp.app/TestApp";
				FRAMEWORK_SEARCH_PATHS = (
					"\"$(SDKROOT)/Developer/Library/Frameworks\"",
					"\"$(DEVELOPER_LIBRARY_DIR)/Frameworks\"",
				);
				GCC_PRECOMPILE_PREFIX_HEADER = YES;
				GCC_PREFIX_HEADER = "TestApp/TestApp-Prefix.pch";
				INFOPLIST_FILE = "TestAppTests/TestAppTests-Info.plist";
				PRODUCT_NAME = "$(TARGET_NAME)";
				TEST_HOST = "$(BUNDLE_LOADER)";
				WRAPPER_EXTENSION = octest;
			};
			name = Debug;
		};
		14918497158A744E00AE6A91 /* Release */ = {
			isa = XCBuildConfiguration;
			buildSettings = {
				BUNDLE_LOADER = "$(BUILT_PRODUCTS_DIR)/TestApp.app/TestApp";
				FRAMEWORK_SEARCH_PATHS = (
					"\"$(SDKROOT)/Developer/Library/Frameworks\"",
					"\"$(DEVELOPER_LIBRARY_DIR)/Frameworks\"",
				);
				GCC_PRECOMPILE_PREFIX_HEADER = YES;
				GCC_PREFIX_HEADER = "TestApp/TestApp-Prefix.pch";
				INFOPLIST_FILE = "TestAppTests/TestAppTests-Info.plist";
				PRODUCT_NAME = "$(TARGET_NAME)";
				TEST_HOST = "$(BUNDLE_LOADER)";
				WRAPPER_EXTENSION = octest;
			};
			name = Release;
		};
/* End XCBuildConfiguration section */

/* Begin XCConfigurationList section */
		1491845F158A744D00AE6A91 /* Build configuration list for PBXProject "TestApp" */ = {
			isa = XCConfigurationList;
			buildConfigurations = (
				14918490158A744E00AE6A91 /* Debug */,
				14918491158A744E00AE6A91 /* Release */,
			);
			defaultConfigurationIsVisible = 0;
			defaultConfigurationName = Release;
		};
		14918492158A744E00AE6A91 /* Build configuration list for PBXNativeTarget "TestApp" */ = {
			isa = XCConfigurationList;
			buildConfigurations = (
				14918493158A744E00AE6A91 /* Debug */,
				14918494158A744E00AE6A91 /* Release */,
			);
			defaultConfigurationIsVisible = 0;
		};
		14918495158A744E00AE6A91 /* Build configuration list for PBXNativeTarget "TestAppTests" */ = {
			isa = XCConfigurationList;
			buildConfigurations = (
				14918496158A744E00AE6A91 /* Debug */,
				14918497158A744E00AE6A91 /* Release */,
			);
			defaultConfigurationIsVisible = 0;
		};
/* End XCConfigurationList section */
	};
	rootObject = 1491845C158A744D00AE6A91 /* Project object */;
}
