// !$*UTF8*$!
{
	archiveVersion = 1;
	classes = {
	};
	objectVersion = 46;
	objects = {

/* Begin PBXBuildFile section */
		149184A8158A7C4D00AE6A91 /* UIKit.framework in Frameworks */ = {isa = PBXBuildFile; fileRef = 149184A7158A7C4D00AE6A91 /* UIKit.framework */; };
		149184AA158A7C4D00AE6A91 /* Foundation.framework in Frameworks */ = {isa = PBXBuildFile; fileRef = 149184A9158A7C4D00AE6A91 /* Foundation.framework */; };
		149184AC158A7C4D00AE6A91 /* CoreGraphics.framework in Frameworks */ = {isa = PBXBuildFile; fileRef = 149184AB158A7C4D00AE6A91 /* CoreGraphics.framework */; };
		149184B2158A7C4D00AE6A91 /* InfoPlist.strings in Resources */ = {isa = PBXBuildFile; fileRef = 149184B0158A7C4D00AE6A91 /* InfoPlist.strings */; };
		149184B4158A7C4D00AE6A91 /* main.m in Sources */ = {isa = PBXBuildFile; fileRef = 149184B3158A7C4D00AE6A91 /* main.m */; };
		149184B8158A7C4D00AE6A91 /* HelloWorldAppDelegate.m in Sources */ = {isa = PBXBuildFile; fileRef = 149184B7158A7C4D00AE6A91 /* HelloWorldAppDelegate.m */; };
		149184BB158A7C4D00AE6A91 /* MainStoryboard_iPhone.storyboard in Resources */ = {isa = PBXBuildFile; fileRef = 149184B9158A7C4D00AE6A91 /* MainStoryboard_iPhone.storyboard */; };
		149184BE158A7C4D00AE6A91 /* MainStoryboard_iPad.storyboard in Resources */ = {isa = PBXBuildFile; fileRef = 149184BC158A7C4D00AE6A91 /* MainStoryboard_iPad.storyboard */; };
		149184C1158A7C4D00AE6A91 /* HelloWorldViewController.m in Sources */ = {isa = PBXBuildFile; fileRef = 149184C0158A7C4D00AE6A91 /* HelloWorldViewController.m */; };
/* End PBXBuildFile section */

/* Begin PBXFileReference section */
		149184A3158A7C4D00AE6A91 /* HelloWorld.app */ = {isa = PBXFileReference; explicitFileType = wrapper.application; includeInIndex = 0; path = HelloWorld.app; sourceTree = BUILT_PRODUCTS_DIR; };
		149184A7158A7C4D00AE6A91 /* UIKit.framework */ = {isa = PBXFileReference; lastKnownFileType = wrapper.framework; name = UIKit.framework; path = System/Library/Frameworks/UIKit.framework; sourceTree = SDKROOT; };
		149184A9158A7C4D00AE6A91 /* Foundation.framework */ = {isa = PBXFileReference; lastKnownFileType = wrapper.framework; name = Foundation.framework; path = System/Library/Frameworks/Foundation.framework; sourceTree = SDKROOT; };
		149184AB158A7C4D00AE6A91 /* CoreGraphics.framework */ = {isa = PBXFileReference; lastKnownFileType = wrapper.framework; name = CoreGraphics.framework; path = System/Library/Frameworks/CoreGraphics.framework; sourceTree = SDKROOT; };
		149184AF158A7C4D00AE6A91 /* HelloWorld-Info.plist */ = {isa = PBXFileReference; lastKnownFileType = text.plist.xml; path = "HelloWorld-Info.plist"; sourceTree = "<group>"; };
		149184B1158A7C4D00AE6A91 /* en */ = {isa = PBXFileReference; lastKnownFileType = text.plist.strings; name = en; path = en.lproj/InfoPlist.strings; sourceTree = "<group>"; };
		149184B3158A7C4D00AE6A91 /* main.m */ = {isa = PBXFileReference; lastKnownFileType = sourcecode.c.objc; path = main.m; sourceTree = "<group>"; };
		149184B5158A7C4D00AE6A91 /* HelloWorld-Prefix.pch */ = {isa = PBXFileReference; lastKnownFileType = sourcecode.c.h; path = "HelloWorld-Prefix.pch"; sourceTree = "<group>"; };
		149184B6158A7C4D00AE6A91 /* HelloWorldAppDelegate.h */ = {isa = PBXFileReference; lastKnownFileType = sourcecode.c.h; path = HelloWorldAppDelegate.h; sourceTree = "<group>"; };
		149184B7158A7C4D00AE6A91 /* HelloWorldAppDelegate.m */ = {isa = PBXFileReference; lastKnownFileType = sourcecode.c.objc; path = HelloWorldAppDelegate.m; sourceTree = "<group>"; };
		149184BA158A7C4D00AE6A91 /* en */ = {isa = PBXFileReference; lastKnownFileType = file.storyboard; name = en; path = en.lproj/MainStoryboard_iPhone.storyboard; sourceTree = "<group>"; };
		149184BD158A7C4D00AE6A91 /* en */ = {isa = PBXFileReference; lastKnownFileType = file.storyboard; name = en; path = en.lproj/MainStoryboard_iPad.storyboard; sourceTree = "<group>"; };
		149184BF158A7C4D00AE6A91 /* HelloWorldViewController.h */ = {isa = PBXFileReference; lastKnownFileType = sourcecode.c.h; path = HelloWorldViewController.h; sourceTree = "<group>"; };
		149184C0158A7C4D00AE6A91 /* HelloWorldViewController.m */ = {isa = PBXFileReference; lastKnownFileType = sourcecode.c.objc; path = HelloWorldViewController.m; sourceTree = "<group>"; };
/* End PBXFileReference section */

/* Begin PBXFrameworksBuildPhase section */
		149184A0158A7C4D00AE6A91 /* Frameworks */ = {
			isa = PBXFrameworksBuildPhase;
			buildActionMask = 2147483647;
			files = (
				149184A8158A7C4D00AE6A91 /* UIKit.framework in Frameworks */,
				149184AA158A7C4D00AE6A91 /* Foundation.framework in Frameworks */,
				149184AC158A7C4D00AE6A91 /* CoreGraphics.framework in Frameworks */,
			);
			runOnlyForDeploymentPostprocessing = 0;
		};
/* End PBXFrameworksBuildPhase section */

/* Begin PBXGroup section */
		14918498158A7C4D00AE6A91 = {
			isa = PBXGroup;
			children = (
				149184AD158A7C4D00AE6A91 /* HelloWorld */,
				149184A6158A7C4D00AE6A91 /* Frameworks */,
				149184A4158A7C4D00AE6A91 /* Products */,
			);
			sourceTree = "<group>";
		};
		149184A4158A7C4D00AE6A91 /* Products */ = {
			isa = PBXGroup;
			children = (
				149184A3158A7C4D00AE6A91 /* HelloWorld.app */,
			);
			name = Products;
			sourceTree = "<group>";
		};
		149184A6158A7C4D00AE6A91 /* Frameworks */ = {
			isa = PBXGroup;
			children = (
				149184A7158A7C4D00AE6A91 /* UIKit.framework */,
				149184A9158A7C4D00AE6A91 /* Foundation.framework */,
				149184AB158A7C4D00AE6A91 /* CoreGraphics.framework */,
			);
			name = Frameworks;
			sourceTree = "<group>";
		};
		149184AD158A7C4D00AE6A91 /* HelloWorld */ = {
			isa = PBXGroup;
			children = (
				149184B6158A7C4D00AE6A91 /* HelloWorldAppDelegate.h */,
				149184B7158A7C4D00AE6A91 /* HelloWorldAppDelegate.m */,
				149184B9158A7C4D00AE6A91 /* MainStoryboard_iPhone.storyboard */,
				149184BC158A7C4D00AE6A91 /* MainStoryboard_iPad.storyboard */,
				149184BF158A7C4D00AE6A91 /* HelloWorldViewController.h */,
				149184C0158A7C4D00AE6A91 /* HelloWorldViewController.m */,
				149184AE158A7C4D00AE6A91 /* Supporting Files */,
			);
			path = HelloWorld;
			sourceTree = "<group>";
		};
		149184AE158A7C4D00AE6A91 /* Supporting Files */ = {
			isa = PBXGroup;
			children = (
				149184AF158A7C4D00AE6A91 /* HelloWorld-Info.plist */,
				149184B0158A7C4D00AE6A91 /* InfoPlist.strings */,
				149184B3158A7C4D00AE6A91 /* main.m */,
				149184B5158A7C4D00AE6A91 /* HelloWorld-Prefix.pch */,
			);
			name = "Supporting Files";
			sourceTree = "<group>";
		};
/* End PBXGroup section */

/* Begin PBXNativeTarget section */
		149184A2158A7C4D00AE6A91 /* HelloWorld */ = {
			isa = PBXNativeTarget;
			buildConfigurationList = 149184C4158A7C4D00AE6A91 /* Build configuration list for PBXNativeTarget "HelloWorld" */;
			buildPhases = (
				1491849F158A7C4D00AE6A91 /* Sources */,
				149184A0158A7C4D00AE6A91 /* Frameworks */,
				149184A1158A7C4D00AE6A91 /* Resources */,
			);
			buildRules = (
			);
			dependencies = (
			);
			name = HelloWorld;
			productName = HelloWorld;
			productReference = 149184A3158A7C4D00AE6A91 /* HelloWorld.app */;
			productType = "com.apple.product-type.application";
		};
/* End PBXNativeTarget section */

/* Begin PBXProject section */
		1491849A158A7C4D00AE6A91 /* Project object */ = {
			isa = PBXProject;
			attributes = {
				CLASSPREFIX = HelloWorld;
				LastUpgradeCheck = 0450;
				ORGANIZATIONNAME = "Sean Timm";
			};
			buildConfigurationList = 1491849D158A7C4D00AE6A91 /* Build configuration list for PBXProject "HelloWorld" */;
			compatibilityVersion = "Xcode 3.2";
			developmentRegion = English;
			hasScannedForEncodings = 0;
			knownRegions = (
				en,
			);
			mainGroup = 14918498158A7C4D00AE6A91;
			productRefGroup = 149184A4158A7C4D00AE6A91 /* Products */;
			projectDirPath = "";
			projectRoot = "";
			targets = (
				149184A2158A7C4D00AE6A91 /* HelloWorld */,
			);
		};
/* End PBXProject section */

/* Begin PBXResourcesBuildPhase section */
		149184A1158A7C4D00AE6A91 /* Resources */ = {
			isa = PBXResourcesBuildPhase;
			buildActionMask = 2147483647;
			files = (
				149184B2158A7C4D00AE6A91 /* InfoPlist.strings in Resources */,
				149184BB158A7C4D00AE6A91 /* MainStoryboard_iPhone.storyboard in Resources */,
				149184BE158A7C4D00AE6A91 /* MainStoryboard_iPad.storyboard in Resources */,
			);
			runOnlyForDeploymentPostprocessing = 0;
		};
/* End PBXResourcesBuildPhase section */

/* Begin PBXSourcesBuildPhase section */
		1491849F158A7C4D00AE6A91 /* Sources */ = {
			isa = PBXSourcesBuildPhase;
			buildActionMask = 2147483647;
			files = (
				149184B4158A7C4D00AE6A91 /* main.m in Sources */,
				149184B8158A7C4D00AE6A91 /* HelloWorldAppDelegate.m in Sources */,
				149184C1158A7C4D00AE6A91 /* HelloWorldViewController.m in Sources */,
			);
			runOnlyForDeploymentPostprocessing = 0;
		};
/* End PBXSourcesBuildPhase section */

/* Begin PBXVariantGroup section */
		149184B0158A7C4D00AE6A91 /* InfoPlist.strings */ = {
			isa = PBXVariantGroup;
			children = (
				149184B1158A7C4D00AE6A91 /* en */,
			);
			name = InfoPlist.strings;
			sourceTree = "<group>";
		};
		149184B9158A7C4D00AE6A91 /* MainStoryboard_iPhone.storyboard */ = {
			isa = PBXVariantGroup;
			children = (
				149184BA158A7C4D00AE6A91 /* en */,
			);
			name = MainStoryboard_iPhone.storyboard;
			sourceTree = "<group>";
		};
		149184BC158A7C4D00AE6A91 /* MainStoryboard_iPad.storyboard */ = {
			isa = PBXVariantGroup;
			children = (
				149184BD158A7C4D00AE6A91 /* en */,
			);
			name = MainStoryboard_iPad.storyboard;
			sourceTree = "<group>";
		};
/* End PBXVariantGroup section */

/* Begin XCBuildConfiguration section */
		149184C2158A7C4D00AE6A91 /* Debug */ = {
			isa = XCBuildConfiguration;
			buildSettings = {
				ALWAYS_SEARCH_USER_PATHS = NO;
				CLANG_CXX_LANGUAGE_STANDARD = "gnu++0x";
				CLANG_ENABLE_OBJC_ARC = YES;
				CLANG_WARN__DUPLICATE_METHOD_MATCH = YES;
				"CODE_SIGN_IDENTITY[sdk=iphoneos*]" = "iPhone Developer";
				COPY_PHASE_STRIP = NO;
				GCC_C_LANGUAGE_STANDARD = gnu99;
				GCC_DYNAMIC_NO_PIC = NO;
				GCC_OPTIMIZATION_LEVEL = 0;
				GCC_PREPROCESSOR_DEFINITIONS = (
					"DEBUG=1",
					"$(inherited)",
				);
				GCC_SYMBOLS_PRIVATE_EXTERN = NO;
				GCC_WARN_ABOUT_RETURN_TYPE = YES;
				GCC_WARN_UNINITIALIZED_AUTOS = YES;
				GCC_WARN_UNUSED_VARIABLE = YES;
				IPHONEOS_DEPLOYMENT_TARGET = 6.0;
				SDKROOT = iphoneos;
				TARGETED_DEVICE_FAMILY = "1,2";
			};
			name = Debug;
		};
		149184C3158A7C4D00AE6A91 /* Release */ = {
			isa = XCBuildConfiguration;
			buildSettings = {
				ALWAYS_SEARCH_USER_PATHS = NO;
				CLANG_CXX_LANGUAGE_STANDARD = "gnu++0x";
				CLANG_ENABLE_OBJC_ARC = YES;
				CLANG_WARN__DUPLICATE_METHOD_MATCH = YES;
				"CODE_SIGN_IDENTITY[sdk=iphoneos*]" = "iPhone Developer";
				COPY_PHASE_STRIP = YES;
				GCC_C_LANGUAGE_STANDARD = gnu99;
				GCC_WARN_ABOUT_RETURN_TYPE = YES;
				GCC_WARN_UNINITIALIZED_AUTOS = YES;
				GCC_WARN_UNUSED_VARIABLE = YES;
				IPHONEOS_DEPLOYMENT_TARGET = 6.0;
				OTHER_CFLAGS = "-DNS_BLOCK_ASSERTIONS=1";
				SDKROOT = iphoneos;
				TARGETED_DEVICE_FAMILY = "1,2";
				VALIDATE_PRODUCT = YES;
			};
			name = Release;
		};
		149184C5158A7C4D00AE6A91 /* Debug */ = {
			isa = XCBuildConfiguration;
			buildSettings = {
				GCC_PRECOMPILE_PREFIX_HEADER = YES;
				GCC_PREFIX_HEADER = "HelloWorld/HelloWorld-Prefix.pch";
				INFOPLIST_FILE = "HelloWorld/HelloWorld-Info.plist";
				PRODUCT_NAME = "$(TARGET_NAME)";
				WRAPPER_EXTENSION = app;
			};
			name = Debug;
		};
		149184C6158A7C4D00AE6A91 /* Release */ = {
			isa = XCBuildConfiguration;
			buildSettings = {
				GCC_PRECOMPILE_PREFIX_HEADER = YES;
				GCC_PREFIX_HEADER = "HelloWorld/HelloWorld-Prefix.pch";
				INFOPLIST_FILE = "HelloWorld/HelloWorld-Info.plist";
				PRODUCT_NAME = "$(TARGET_NAME)";
				WRAPPER_EXTENSION = app;
			};
			name = Release;
		};
/* End XCBuildConfiguration section */

/* Begin XCConfigurationList section */
		1491849D158A7C4D00AE6A91 /* Build configuration list for PBXProject "HelloWorld" */ = {
			isa = XCConfigurationList;
			buildConfigurations = (
				149184C2158A7C4D00AE6A91 /* Debug */,
				149184C3158A7C4D00AE6A91 /* Release */,
			);
			defaultConfigurationIsVisible = 0;
			defaultConfigurationName = Release;
		};
		149184C4158A7C4D00AE6A91 /* Build configuration list for PBXNativeTarget "HelloWorld" */ = {
			isa = XCConfigurationList;
			buildConfigurations = (
				149184C5158A7C4D00AE6A91 /* Debug */,
				149184C6158A7C4D00AE6A91 /* Release */,
			);
			defaultConfigurationIsVisible = 0;
		};
/* End XCConfigurationList section */
	};
	rootObject = 1491849A158A7C4D00AE6A91 /* Project object */;
}
