// !$*UTF8*$!
{
	archiveVersion = 1;
	classes = {
	};
	objectVersion = 46;
	objects = {

/* Begin PBXBuildFile section */
		149184D7158B7F3300AE6A91 /* UIKit.framework in Frameworks */ = {isa = PBXBuildFile; fileRef = 149184D6158B7F3300AE6A91 /* UIKit.framework */; };
		149184D9158B7F3300AE6A91 /* Foundation.framework in Frameworks */ = {isa = PBXBuildFile; fileRef = 149184D8158B7F3300AE6A91 /* Foundation.framework */; };
		149184DB158B7F3300AE6A91 /* CoreGraphics.framework in Frameworks */ = {isa = PBXBuildFile; fileRef = 149184DA158B7F3300AE6A91 /* CoreGraphics.framework */; };
		149184E1158B7F3300AE6A91 /* InfoPlist.strings in Resources */ = {isa = PBXBuildFile; fileRef = 149184DF158B7F3300AE6A91 /* InfoPlist.strings */; };
		149184E3158B7F3300AE6A91 /* main.m in Sources */ = {isa = PBXBuildFile; fileRef = 149184E2158B7F3300AE6A91 /* main.m */; };
		149184E7158B7F3300AE6A91 /* BirdsAppDelegate.m in Sources */ = {isa = PBXBuildFile; fileRef = 149184E6158B7F3300AE6A91 /* BirdsAppDelegate.m */; };
		149184EA158B7F3300AE6A91 /* MainStoryboard.storyboard in Resources */ = {isa = PBXBuildFile; fileRef = 149184E8158B7F3300AE6A91 /* MainStoryboard.storyboard */; };
		149184ED158B7F3300AE6A91 /* BirdsMasterViewController.m in Sources */ = {isa = PBXBuildFile; fileRef = 149184EC158B7F3300AE6A91 /* BirdsMasterViewController.m */; };
		149184F0158B7F3300AE6A91 /* BirdsDetailViewController.m in Sources */ = {isa = PBXBuildFile; fileRef = 149184EF158B7F3300AE6A91 /* BirdsDetailViewController.m */; };
		149184F8158B8DF100AE6A91 /* BirdSighting.m in Sources */ = {isa = PBXBuildFile; fileRef = 149184F7158B8DF100AE6A91 /* BirdSighting.m */; };
		149184FB158B92F400AE6A91 /* BirdSightingDataController.m in Sources */ = {isa = PBXBuildFile; fileRef = 149184FA158B92F400AE6A91 /* BirdSightingDataController.m */; };
		149184FE158BAE5F00AE6A91 /* AddSightingViewController.m in Sources */ = {isa = PBXBuildFile; fileRef = 149184FD158BAE5F00AE6A91 /* AddSightingViewController.m */; };
/* End PBXBuildFile section */

/* Begin PBXFileReference section */
		149184D2158B7F3300AE6A91 /* BirdWatching.app */ = {isa = PBXFileReference; explicitFileType = wrapper.application; includeInIndex = 0; path = BirdWatching.app; sourceTree = BUILT_PRODUCTS_DIR; };
		149184D6158B7F3300AE6A91 /* UIKit.framework */ = {isa = PBXFileReference; lastKnownFileType = wrapper.framework; name = UIKit.framework; path = System/Library/Frameworks/UIKit.framework; sourceTree = SDKROOT; };
		149184D8158B7F3300AE6A91 /* Foundation.framework */ = {isa = PBXFileReference; lastKnownFileType = wrapper.framework; name = Foundation.framework; path = System/Library/Frameworks/Foundation.framework; sourceTree = SDKROOT; };
		149184DA158B7F3300AE6A91 /* CoreGraphics.framework */ = {isa = PBXFileReference; lastKnownFileType = wrapper.framework; name = CoreGraphics.framework; path = System/Library/Frameworks/CoreGraphics.framework; sourceTree = SDKROOT; };
		149184DE158B7F3300AE6A91 /* BirdWatching-Info.plist */ = {isa = PBXFileReference; lastKnownFileType = text.plist.xml; path = "BirdWatching-Info.plist"; sourceTree = "<group>"; };
		149184E0158B7F3300AE6A91 /* en */ = {isa = PBXFileReference; lastKnownFileType = text.plist.strings; name = en; path = en.lproj/InfoPlist.strings; sourceTree = "<group>"; };
		149184E2158B7F3300AE6A91 /* main.m */ = {isa = PBXFileReference; lastKnownFileType = sourcecode.c.objc; path = main.m; sourceTree = "<group>"; };
		149184E4158B7F3300AE6A91 /* BirdWatching-Prefix.pch */ = {isa = PBXFileReference; lastKnownFileType = sourcecode.c.h; path = "BirdWatching-Prefix.pch"; sourceTree = "<group>"; };
		149184E5158B7F3300AE6A91 /* BirdsAppDelegate.h */ = {isa = PBXFileReference; lastKnownFileType = sourcecode.c.h; path = BirdsAppDelegate.h; sourceTree = "<group>"; };
		149184E6158B7F3300AE6A91 /* BirdsAppDelegate.m */ = {isa = PBXFileReference; lastKnownFileType = sourcecode.c.objc; path = BirdsAppDelegate.m; sourceTree = "<group>"; };
		149184E9158B7F3300AE6A91 /* en */ = {isa = PBXFileReference; lastKnownFileType = file.storyboard; name = en; path = en.lproj/MainStoryboard.storyboard; sourceTree = "<group>"; };
		149184EB158B7F3300AE6A91 /* BirdsMasterViewController.h */ = {isa = PBXFileReference; lastKnownFileType = sourcecode.c.h; path = BirdsMasterViewController.h; sourceTree = "<group>"; };
		149184EC158B7F3300AE6A91 /* BirdsMasterViewController.m */ = {isa = PBXFileReference; lastKnownFileType = sourcecode.c.objc; path = BirdsMasterViewController.m; sourceTree = "<group>"; };
		149184EE158B7F3300AE6A91 /* BirdsDetailViewController.h */ = {isa = PBXFileReference; lastKnownFileType = sourcecode.c.h; path = BirdsDetailViewController.h; sourceTree = "<group>"; };
		149184EF158B7F3300AE6A91 /* BirdsDetailViewController.m */ = {isa = PBXFileReference; lastKnownFileType = sourcecode.c.objc; path = BirdsDetailViewController.m; sourceTree = "<group>"; };
		149184F6158B8DF100AE6A91 /* BirdSighting.h */ = {isa = PBXFileReference; fileEncoding = 4; lastKnownFileType = sourcecode.c.h; path = BirdSighting.h; sourceTree = "<group>"; };
		149184F7158B8DF100AE6A91 /* BirdSighting.m */ = {isa = PBXFileReference; fileEncoding = 4; lastKnownFileType = sourcecode.c.objc; path = BirdSighting.m; sourceTree = "<group>"; };
		149184F9158B92F400AE6A91 /* BirdSightingDataController.h */ = {isa = PBXFileReference; fileEncoding = 4; lastKnownFileType = sourcecode.c.h; path = BirdSightingDataController.h; sourceTree = "<group>"; };
		149184FA158B92F400AE6A91 /* BirdSightingDataController.m */ = {isa = PBXFileReference; fileEncoding = 4; lastKnownFileType = sourcecode.c.objc; path = BirdSightingDataController.m; sourceTree = "<group>"; };
		149184FC158BAE5F00AE6A91 /* AddSightingViewController.h */ = {isa = PBXFileReference; fileEncoding = 4; lastKnownFileType = sourcecode.c.h; path = AddSightingViewController.h; sourceTree = "<group>"; };
		149184FD158BAE5F00AE6A91 /* AddSightingViewController.m */ = {isa = PBXFileReference; fileEncoding = 4; lastKnownFileType = sourcecode.c.objc; path = AddSightingViewController.m; sourceTree = "<group>"; };
/* End PBXFileReference section */

/* Begin PBXFrameworksBuildPhase section */
		149184CF158B7F3300AE6A91 /* Frameworks */ = {
			isa = PBXFrameworksBuildPhase;
			buildActionMask = 2147483647;
			files = (
				149184D7158B7F3300AE6A91 /* UIKit.framework in Frameworks */,
				149184D9158B7F3300AE6A91 /* Foundation.framework in Frameworks */,
				149184DB158B7F3300AE6A91 /* CoreGraphics.framework in Frameworks */,
			);
			runOnlyForDeploymentPostprocessing = 0;
		};
/* End PBXFrameworksBuildPhase section */

/* Begin PBXGroup section */
		149184C7158B7F3300AE6A91 = {
			isa = PBXGroup;
			children = (
				149184DC158B7F3300AE6A91 /* BirdWatching */,
				149184D5158B7F3300AE6A91 /* Frameworks */,
				149184D3158B7F3300AE6A91 /* Products */,
			);
			sourceTree = "<group>";
		};
		149184D3158B7F3300AE6A91 /* Products */ = {
			isa = PBXGroup;
			children = (
				149184D2158B7F3300AE6A91 /* BirdWatching.app */,
			);
			name = Products;
			sourceTree = "<group>";
		};
		149184D5158B7F3300AE6A91 /* Frameworks */ = {
			isa = PBXGroup;
			children = (
				149184D6158B7F3300AE6A91 /* UIKit.framework */,
				149184D8158B7F3300AE6A91 /* Foundation.framework */,
				149184DA158B7F3300AE6A91 /* CoreGraphics.framework */,
			);
			name = Frameworks;
			sourceTree = "<group>";
		};
		149184DC158B7F3300AE6A91 /* BirdWatching */ = {
			isa = PBXGroup;
			children = (
				149184F9158B92F400AE6A91 /* BirdSightingDataController.h */,
				149184FA158B92F400AE6A91 /* BirdSightingDataController.m */,
				149184E5158B7F3300AE6A91 /* BirdsAppDelegate.h */,
				149184E6158B7F3300AE6A91 /* BirdsAppDelegate.m */,
				149184E8158B7F3300AE6A91 /* MainStoryboard.storyboard */,
				149184F6158B8DF100AE6A91 /* BirdSighting.h */,
				149184F7158B8DF100AE6A91 /* BirdSighting.m */,
				149184EB158B7F3300AE6A91 /* BirdsMasterViewController.h */,
				149184EC158B7F3300AE6A91 /* BirdsMasterViewController.m */,
				149184FC158BAE5F00AE6A91 /* AddSightingViewController.h */,
				149184FD158BAE5F00AE6A91 /* AddSightingViewController.m */,
				149184EE158B7F3300AE6A91 /* BirdsDetailViewController.h */,
				149184EF158B7F3300AE6A91 /* BirdsDetailViewController.m */,
				149184DD158B7F3300AE6A91 /* Supporting Files */,
			);
			path = BirdWatching;
			sourceTree = "<group>";
		};
		149184DD158B7F3300AE6A91 /* Supporting Files */ = {
			isa = PBXGroup;
			children = (
				149184DE158B7F3300AE6A91 /* BirdWatching-Info.plist */,
				149184DF158B7F3300AE6A91 /* InfoPlist.strings */,
				149184E2158B7F3300AE6A91 /* main.m */,
				149184E4158B7F3300AE6A91 /* BirdWatching-Prefix.pch */,
			);
			name = "Supporting Files";
			sourceTree = "<group>";
		};
/* End PBXGroup section */

/* Begin PBXNativeTarget section */
		149184D1158B7F3300AE6A91 /* BirdWatching */ = {
			isa = PBXNativeTarget;
			buildConfigurationList = 149184F3158B7F3300AE6A91 /* Build configuration list for PBXNativeTarget "BirdWatching" */;
			buildPhases = (
				149184CE158B7F3300AE6A91 /* Sources */,
				149184CF158B7F3300AE6A91 /* Frameworks */,
				149184D0158B7F3300AE6A91 /* Resources */,
			);
			buildRules = (
			);
			dependencies = (
			);
			name = BirdWatching;
			productName = BirdWatching;
			productReference = 149184D2158B7F3300AE6A91 /* BirdWatching.app */;
			productType = "com.apple.product-type.application";
		};
/* End PBXNativeTarget section */

/* Begin PBXProject section */
		149184C9158B7F3300AE6A91 /* Project object */ = {
			isa = PBXProject;
			attributes = {
				CLASSPREFIX = Birds;
				LastUpgradeCheck = 0450;
				ORGANIZATIONNAME = "Sean Timm";
			};
			buildConfigurationList = 149184CC158B7F3300AE6A91 /* Build configuration list for PBXProject "BirdWatching" */;
			compatibilityVersion = "Xcode 3.2";
			developmentRegion = English;
			hasScannedForEncodings = 0;
			knownRegions = (
				en,
			);
			mainGroup = 149184C7158B7F3300AE6A91;
			productRefGroup = 149184D3158B7F3300AE6A91 /* Products */;
			projectDirPath = "";
			projectRoot = "";
			targets = (
				149184D1158B7F3300AE6A91 /* BirdWatching */,
			);
		};
/* End PBXProject section */

/* Begin PBXResourcesBuildPhase section */
		149184D0158B7F3300AE6A91 /* Resources */ = {
			isa = PBXResourcesBuildPhase;
			buildActionMask = 2147483647;
			files = (
				149184E1158B7F3300AE6A91 /* InfoPlist.strings in Resources */,
				149184EA158B7F3300AE6A91 /* MainStoryboard.storyboard in Resources */,
			);
			runOnlyForDeploymentPostprocessing = 0;
		};
/* End PBXResourcesBuildPhase section */

/* Begin PBXSourcesBuildPhase section */
		149184CE158B7F3300AE6A91 /* Sources */ = {
			isa = PBXSourcesBuildPhase;
			buildActionMask = 2147483647;
			files = (
				149184E3158B7F3300AE6A91 /* main.m in Sources */,
				149184E7158B7F3300AE6A91 /* BirdsAppDelegate.m in Sources */,
				149184ED158B7F3300AE6A91 /* BirdsMasterViewController.m in Sources */,
				149184F0158B7F3300AE6A91 /* BirdsDetailViewController.m in Sources */,
				149184F8158B8DF100AE6A91 /* BirdSighting.m in Sources */,
				149184FB158B92F400AE6A91 /* BirdSightingDataController.m in Sources */,
				149184FE158BAE5F00AE6A91 /* AddSightingViewController.m in Sources */,
			);
			runOnlyForDeploymentPostprocessing = 0;
		};
/* End PBXSourcesBuildPhase section */

/* Begin PBXVariantGroup section */
		149184DF158B7F3300AE6A91 /* InfoPlist.strings */ = {
			isa = PBXVariantGroup;
			children = (
				149184E0158B7F3300AE6A91 /* en */,
			);
			name = InfoPlist.strings;
			sourceTree = "<group>";
		};
		149184E8158B7F3300AE6A91 /* MainStoryboard.storyboard */ = {
			isa = PBXVariantGroup;
			children = (
				149184E9158B7F3300AE6A91 /* en */,
			);
			name = MainStoryboard.storyboard;
			sourceTree = "<group>";
		};
/* End PBXVariantGroup section */

/* Begin XCBuildConfiguration section */
		149184F1158B7F3300AE6A91 /* Debug */ = {
			isa = XCBuildConfiguration;
			buildSettings = {
				ALWAYS_SEARCH_USER_PATHS = NO;
				CLANG_CXX_LANGUAGE_STANDARD = "gnu++0x";
				CLANG_ENABLE_OBJC_ARC = YES;
				CLANG_WARN__DUPLICATE_METHOD_MATCH = YES;
				"CODE_SIGN_IDENTITY[sdk=iphoneos*]" = "iPhone Developer";
				COPY_PHASE_STRIP = NO;
				GCC_C_LANGUAGE_STANDARD = gnu99;
				GCC_DYNAMIC_NO_PIC = NO;
				GCC_OPTIMIZATION_LEVEL = 0;
				GCC_PREPROCESSOR_DEFINITIONS = (
					"DEBUG=1",
					"$(inherited)",
				);
				GCC_SYMBOLS_PRIVATE_EXTERN = NO;
				GCC_WARN_ABOUT_RETURN_TYPE = YES;
				GCC_WARN_UNINITIALIZED_AUTOS = YES;
				GCC_WARN_UNUSED_VARIABLE = YES;
				IPHONEOS_DEPLOYMENT_TARGET = 6.0;
				SDKROOT = iphoneos;
			};
			name = Debug;
		};
		149184F2158B7F3300AE6A91 /* Release */ = {
			isa = XCBuildConfiguration;
			buildSettings = {
				ALWAYS_SEARCH_USER_PATHS = NO;
				CLANG_CXX_LANGUAGE_STANDARD = "gnu++0x";
				CLANG_ENABLE_OBJC_ARC = YES;
				CLANG_WARN__DUPLICATE_METHOD_MATCH = YES;
				"CODE_SIGN_IDENTITY[sdk=iphoneos*]" = "iPhone Developer";
				COPY_PHASE_STRIP = YES;
				GCC_C_LANGUAGE_STANDARD = gnu99;
				GCC_WARN_ABOUT_RETURN_TYPE = YES;
				GCC_WARN_UNINITIALIZED_AUTOS = YES;
				GCC_WARN_UNUSED_VARIABLE = YES;
				IPHONEOS_DEPLOYMENT_TARGET = 6.0;
				OTHER_CFLAGS = "-DNS_BLOCK_ASSERTIONS=1";
				SDKROOT = iphoneos;
				VALIDATE_PRODUCT = YES;
			};
			name = Release;
		};
		149184F4158B7F3300AE6A91 /* Debug */ = {
			isa = XCBuildConfiguration;
			buildSettings = {
				GCC_PRECOMPILE_PREFIX_HEADER = YES;
				GCC_PREFIX_HEADER = "BirdWatching/BirdWatching-Prefix.pch";
				INFOPLIST_FILE = "BirdWatching/BirdWatching-Info.plist";
				PRODUCT_NAME = "$(TARGET_NAME)";
				WRAPPER_EXTENSION = app;
			};
			name = Debug;
		};
		149184F5158B7F3300AE6A91 /* Release */ = {
			isa = XCBuildConfiguration;
			buildSettings = {
				GCC_PRECOMPILE_PREFIX_HEADER = YES;
				GCC_PREFIX_HEADER = "BirdWatching/BirdWatching-Prefix.pch";
				INFOPLIST_FILE = "BirdWatching/BirdWatching-Info.plist";
				PRODUCT_NAME = "$(TARGET_NAME)";
				WRAPPER_EXTENSION = app;
			};
			name = Release;
		};
/* End XCBuildConfiguration section */

/* Begin XCConfigurationList section */
		149184CC158B7F3300AE6A91 /* Build configuration list for PBXProject "BirdWatching" */ = {
			isa = XCConfigurationList;
			buildConfigurations = (
				149184F1158B7F3300AE6A91 /* Debug */,
				149184F2158B7F3300AE6A91 /* Release */,
			);
			defaultConfigurationIsVisible = 0;
			defaultConfigurationName = Release;
		};
		149184F3158B7F3300AE6A91 /* Build configuration list for PBXNativeTarget "BirdWatching" */ = {
			isa = XCConfigurationList;
			buildConfigurations = (
				149184F4158B7F3300AE6A91 /* Debug */,
				149184F5158B7F3300AE6A91 /* Release */,
			);
			defaultConfigurationIsVisible = 0;
		};
/* End XCConfigurationList section */
	};
	rootObject = 149184C9158B7F3300AE6A91 /* Project object */;
}
