// !$*UTF8*$!
{
	archiveVersion = 1;
	classes = {
	};
	objectVersion = 46;
	objects = {

/* Begin PBXBuildFile section */
		14F4A4D915AB2265008481D7 /* BNRMapPoint.m in Sources */ = {isa = PBXBuildFile; fileRef = 14F4A4D815AB2265008481D7 /* BNRMapPoint.m */; };
		14F9CDB71590FA3700BE58D8 /* UIKit.framework in Frameworks */ = {isa = PBXBuildFile; fileRef = 14F9CDB61590FA3700BE58D8 /* UIKit.framework */; };
		14F9CDB91590FA3700BE58D8 /* Foundation.framework in Frameworks */ = {isa = PBXBuildFile; fileRef = 14F9CDB81590FA3700BE58D8 /* Foundation.framework */; };
		14F9CDBB1590FA3700BE58D8 /* CoreGraphics.framework in Frameworks */ = {isa = PBXBuildFile; fileRef = 14F9CDBA1590FA3700BE58D8 /* CoreGraphics.framework */; };
		14F9CDC11590FA3700BE58D8 /* InfoPlist.strings in Resources */ = {isa = PBXBuildFile; fileRef = 14F9CDBF1590FA3700BE58D8 /* InfoPlist.strings */; };
		14F9CDC31590FA3700BE58D8 /* main.m in Sources */ = {isa = PBXBuildFile; fileRef = 14F9CDC21590FA3700BE58D8 /* main.m */; };
		14F9CDC71590FA3700BE58D8 /* WhereamiAppDelegate.m in Sources */ = {isa = PBXBuildFile; fileRef = 14F9CDC61590FA3700BE58D8 /* WhereamiAppDelegate.m */; };
		14F9CDCA1590FA3700BE58D8 /* WhereamiViewController.m in Sources */ = {isa = PBXBuildFile; fileRef = 14F9CDC91590FA3700BE58D8 /* WhereamiViewController.m */; };
		14F9CDCD1590FA3700BE58D8 /* WhereamiViewController.xib in Resources */ = {isa = PBXBuildFile; fileRef = 14F9CDCB1590FA3700BE58D8 /* WhereamiViewController.xib */; };
		14F9CDD41590FB1900BE58D8 /* CoreLocation.framework in Frameworks */ = {isa = PBXBuildFile; fileRef = 14F9CDD31590FB1900BE58D8 /* CoreLocation.framework */; };
		14F9CDD6159253B500BE58D8 /* MapKit.framework in Frameworks */ = {isa = PBXBuildFile; fileRef = 14F9CDD5159253B500BE58D8 /* MapKit.framework */; };
/* End PBXBuildFile section */

/* Begin PBXFileReference section */
		14F4A4D715AB2265008481D7 /* BNRMapPoint.h */ = {isa = PBXFileReference; fileEncoding = 4; lastKnownFileType = sourcecode.c.h; path = BNRMapPoint.h; sourceTree = "<group>"; };
		14F4A4D815AB2265008481D7 /* BNRMapPoint.m */ = {isa = PBXFileReference; fileEncoding = 4; lastKnownFileType = sourcecode.c.objc; path = BNRMapPoint.m; sourceTree = "<group>"; };
		14F9CDB21590FA3700BE58D8 /* Whereami.app */ = {isa = PBXFileReference; explicitFileType = wrapper.application; includeInIndex = 0; path = Whereami.app; sourceTree = BUILT_PRODUCTS_DIR; };
		14F9CDB61590FA3700BE58D8 /* UIKit.framework */ = {isa = PBXFileReference; lastKnownFileType = wrapper.framework; name = UIKit.framework; path = System/Library/Frameworks/UIKit.framework; sourceTree = SDKROOT; };
		14F9CDB81590FA3700BE58D8 /* Foundation.framework */ = {isa = PBXFileReference; lastKnownFileType = wrapper.framework; name = Foundation.framework; path = System/Library/Frameworks/Foundation.framework; sourceTree = SDKROOT; };
		14F9CDBA1590FA3700BE58D8 /* CoreGraphics.framework */ = {isa = PBXFileReference; lastKnownFileType = wrapper.framework; name = CoreGraphics.framework; path = System/Library/Frameworks/CoreGraphics.framework; sourceTree = SDKROOT; };
		14F9CDBE1590FA3700BE58D8 /* Whereami-Info.plist */ = {isa = PBXFileReference; lastKnownFileType = text.plist.xml; path = "Whereami-Info.plist"; sourceTree = "<group>"; };
		14F9CDC01590FA3700BE58D8 /* en */ = {isa = PBXFileReference; lastKnownFileType = text.plist.strings; name = en; path = en.lproj/InfoPlist.strings; sourceTree = "<group>"; };
		14F9CDC21590FA3700BE58D8 /* main.m */ = {isa = PBXFileReference; lastKnownFileType = sourcecode.c.objc; path = main.m; sourceTree = "<group>"; };
		14F9CDC41590FA3700BE58D8 /* Whereami-Prefix.pch */ = {isa = PBXFileReference; lastKnownFileType = sourcecode.c.h; path = "Whereami-Prefix.pch"; sourceTree = "<group>"; };
		14F9CDC51590FA3700BE58D8 /* WhereamiAppDelegate.h */ = {isa = PBXFileReference; lastKnownFileType = sourcecode.c.h; path = WhereamiAppDelegate.h; sourceTree = "<group>"; };
		14F9CDC61590FA3700BE58D8 /* WhereamiAppDelegate.m */ = {isa = PBXFileReference; lastKnownFileType = sourcecode.c.objc; path = WhereamiAppDelegate.m; sourceTree = "<group>"; };
		14F9CDC81590FA3700BE58D8 /* WhereamiViewController.h */ = {isa = PBXFileReference; lastKnownFileType = sourcecode.c.h; path = WhereamiViewController.h; sourceTree = "<group>"; };
		14F9CDC91590FA3700BE58D8 /* WhereamiViewController.m */ = {isa = PBXFileReference; lastKnownFileType = sourcecode.c.objc; path = WhereamiViewController.m; sourceTree = "<group>"; };
		14F9CDCC1590FA3700BE58D8 /* en */ = {isa = PBXFileReference; lastKnownFileType = file.xib; name = en; path = en.lproj/WhereamiViewController.xib; sourceTree = "<group>"; };
		14F9CDD31590FB1900BE58D8 /* CoreLocation.framework */ = {isa = PBXFileReference; lastKnownFileType = wrapper.framework; name = CoreLocation.framework; path = System/Library/Frameworks/CoreLocation.framework; sourceTree = SDKROOT; };
		14F9CDD5159253B500BE58D8 /* MapKit.framework */ = {isa = PBXFileReference; lastKnownFileType = wrapper.framework; name = MapKit.framework; path = System/Library/Frameworks/MapKit.framework; sourceTree = SDKROOT; };
/* End PBXFileReference section */

/* Begin PBXFrameworksBuildPhase section */
		14F9CDAF1590FA3700BE58D8 /* Frameworks */ = {
			isa = PBXFrameworksBuildPhase;
			buildActionMask = 2147483647;
			files = (
				14F9CDD6159253B500BE58D8 /* MapKit.framework in Frameworks */,
				14F9CDD41590FB1900BE58D8 /* CoreLocation.framework in Frameworks */,
				14F9CDB71590FA3700BE58D8 /* UIKit.framework in Frameworks */,
				14F9CDB91590FA3700BE58D8 /* Foundation.framework in Frameworks */,
				14F9CDBB1590FA3700BE58D8 /* CoreGraphics.framework in Frameworks */,
			);
			runOnlyForDeploymentPostprocessing = 0;
		};
/* End PBXFrameworksBuildPhase section */

/* Begin PBXGroup section */
		14F9CDA71590FA3700BE58D8 = {
			isa = PBXGroup;
			children = (
				14F9CDBC1590FA3700BE58D8 /* Whereami */,
				14F9CDB51590FA3700BE58D8 /* Frameworks */,
				14F9CDB31590FA3700BE58D8 /* Products */,
			);
			sourceTree = "<group>";
		};
		14F9CDB31590FA3700BE58D8 /* Products */ = {
			isa = PBXGroup;
			children = (
				14F9CDB21590FA3700BE58D8 /* Whereami.app */,
			);
			name = Products;
			sourceTree = "<group>";
		};
		14F9CDB51590FA3700BE58D8 /* Frameworks */ = {
			isa = PBXGroup;
			children = (
				14F9CDD5159253B500BE58D8 /* MapKit.framework */,
				14F9CDD31590FB1900BE58D8 /* CoreLocation.framework */,
				14F9CDB61590FA3700BE58D8 /* UIKit.framework */,
				14F9CDB81590FA3700BE58D8 /* Foundation.framework */,
				14F9CDBA1590FA3700BE58D8 /* CoreGraphics.framework */,
			);
			name = Frameworks;
			sourceTree = "<group>";
		};
		14F9CDBC1590FA3700BE58D8 /* Whereami */ = {
			isa = PBXGroup;
			children = (
				14F9CDC51590FA3700BE58D8 /* WhereamiAppDelegate.h */,
				14F9CDC61590FA3700BE58D8 /* WhereamiAppDelegate.m */,
				14F9CDC81590FA3700BE58D8 /* WhereamiViewController.h */,
				14F9CDC91590FA3700BE58D8 /* WhereamiViewController.m */,
				14F4A4D715AB2265008481D7 /* BNRMapPoint.h */,
				14F4A4D815AB2265008481D7 /* BNRMapPoint.m */,
				14F9CDCB1590FA3700BE58D8 /* WhereamiViewController.xib */,
				14F9CDBD1590FA3700BE58D8 /* Supporting Files */,
			);
			path = Whereami;
			sourceTree = "<group>";
		};
		14F9CDBD1590FA3700BE58D8 /* Supporting Files */ = {
			isa = PBXGroup;
			children = (
				14F9CDBE1590FA3700BE58D8 /* Whereami-Info.plist */,
				14F9CDBF1590FA3700BE58D8 /* InfoPlist.strings */,
				14F9CDC21590FA3700BE58D8 /* main.m */,
				14F9CDC41590FA3700BE58D8 /* Whereami-Prefix.pch */,
			);
			name = "Supporting Files";
			sourceTree = "<group>";
		};
/* End PBXGroup section */

/* Begin PBXNativeTarget section */
		14F9CDB11590FA3700BE58D8 /* Whereami */ = {
			isa = PBXNativeTarget;
			buildConfigurationList = 14F9CDD01590FA3700BE58D8 /* Build configuration list for PBXNativeTarget "Whereami" */;
			buildPhases = (
				14F9CDAE1590FA3700BE58D8 /* Sources */,
				14F9CDAF1590FA3700BE58D8 /* Frameworks */,
				14F9CDB01590FA3700BE58D8 /* Resources */,
			);
			buildRules = (
			);
			dependencies = (
			);
			name = Whereami;
			productName = Whereami;
			productReference = 14F9CDB21590FA3700BE58D8 /* Whereami.app */;
			productType = "com.apple.product-type.application";
		};
/* End PBXNativeTarget section */

/* Begin PBXProject section */
		14F9CDA91590FA3700BE58D8 /* Project object */ = {
			isa = PBXProject;
			attributes = {
				CLASSPREFIX = Whereami;
				LastUpgradeCheck = 0450;
				ORGANIZATIONNAME = "Sean Timm";
			};
			buildConfigurationList = 14F9CDAC1590FA3700BE58D8 /* Build configuration list for PBXProject "Whereami" */;
			compatibilityVersion = "Xcode 3.2";
			developmentRegion = English;
			hasScannedForEncodings = 0;
			knownRegions = (
				en,
			);
			mainGroup = 14F9CDA71590FA3700BE58D8;
			productRefGroup = 14F9CDB31590FA3700BE58D8 /* Products */;
			projectDirPath = "";
			projectRoot = "";
			targets = (
				14F9CDB11590FA3700BE58D8 /* Whereami */,
			);
		};
/* End PBXProject section */

/* Begin PBXResourcesBuildPhase section */
		14F9CDB01590FA3700BE58D8 /* Resources */ = {
			isa = PBXResourcesBuildPhase;
			buildActionMask = 2147483647;
			files = (
				14F9CDC11590FA3700BE58D8 /* InfoPlist.strings in Resources */,
				14F9CDCD1590FA3700BE58D8 /* WhereamiViewController.xib in Resources */,
			);
			runOnlyForDeploymentPostprocessing = 0;
		};
/* End PBXResourcesBuildPhase section */

/* Begin PBXSourcesBuildPhase section */
		14F9CDAE1590FA3700BE58D8 /* Sources */ = {
			isa = PBXSourcesBuildPhase;
			buildActionMask = 2147483647;
			files = (
				14F9CDC31590FA3700BE58D8 /* main.m in Sources */,
				14F9CDC71590FA3700BE58D8 /* WhereamiAppDelegate.m in Sources */,
				14F9CDCA1590FA3700BE58D8 /* WhereamiViewController.m in Sources */,
				14F4A4D915AB2265008481D7 /* BNRMapPoint.m in Sources */,
			);
			runOnlyForDeploymentPostprocessing = 0;
		};
/* End PBXSourcesBuildPhase section */

/* Begin PBXVariantGroup section */
		14F9CDBF1590FA3700BE58D8 /* InfoPlist.strings */ = {
			isa = PBXVariantGroup;
			children = (
				14F9CDC01590FA3700BE58D8 /* en */,
			);
			name = InfoPlist.strings;
			sourceTree = "<group>";
		};
		14F9CDCB1590FA3700BE58D8 /* WhereamiViewController.xib */ = {
			isa = PBXVariantGroup;
			children = (
				14F9CDCC1590FA3700BE58D8 /* en */,
			);
			name = WhereamiViewController.xib;
			sourceTree = "<group>";
		};
/* End PBXVariantGroup section */

/* Begin XCBuildConfiguration section */
		14F9CDCE1590FA3700BE58D8 /* Debug */ = {
			isa = XCBuildConfiguration;
			buildSettings = {
				ALWAYS_SEARCH_USER_PATHS = NO;
				CLANG_CXX_LANGUAGE_STANDARD = "gnu++0x";
				CLANG_ENABLE_OBJC_ARC = YES;
				CLANG_WARN__DUPLICATE_METHOD_MATCH = YES;
				"CODE_SIGN_IDENTITY[sdk=iphoneos*]" = "iPhone Developer";
				COPY_PHASE_STRIP = NO;
				GCC_C_LANGUAGE_STANDARD = gnu99;
				GCC_DYNAMIC_NO_PIC = NO;
				GCC_OPTIMIZATION_LEVEL = 0;
				GCC_PREPROCESSOR_DEFINITIONS = (
					"DEBUG=1",
					"$(inherited)",
				);
				GCC_SYMBOLS_PRIVATE_EXTERN = NO;
				GCC_WARN_ABOUT_RETURN_TYPE = YES;
				GCC_WARN_UNINITIALIZED_AUTOS = YES;
				GCC_WARN_UNUSED_VARIABLE = YES;
				IPHONEOS_DEPLOYMENT_TARGET = 6.0;
				SDKROOT = iphoneos;
			};
			name = Debug;
		};
		14F9CDCF1590FA3700BE58D8 /* Release */ = {
			isa = XCBuildConfiguration;
			buildSettings = {
				ALWAYS_SEARCH_USER_PATHS = NO;
				CLANG_CXX_LANGUAGE_STANDARD = "gnu++0x";
				CLANG_ENABLE_OBJC_ARC = YES;
				CLANG_WARN__DUPLICATE_METHOD_MATCH = YES;
				"CODE_SIGN_IDENTITY[sdk=iphoneos*]" = "iPhone Developer";
				COPY_PHASE_STRIP = YES;
				GCC_C_LANGUAGE_STANDARD = gnu99;
				GCC_WARN_ABOUT_RETURN_TYPE = YES;
				GCC_WARN_UNINITIALIZED_AUTOS = YES;
				GCC_WARN_UNUSED_VARIABLE = YES;
				IPHONEOS_DEPLOYMENT_TARGET = 6.0;
				OTHER_CFLAGS = "-DNS_BLOCK_ASSERTIONS=1";
				SDKROOT = iphoneos;
				VALIDATE_PRODUCT = YES;
			};
			name = Release;
		};
		14F9CDD11590FA3700BE58D8 /* Debug */ = {
			isa = XCBuildConfiguration;
			buildSettings = {
				GCC_PRECOMPILE_PREFIX_HEADER = YES;
				GCC_PREFIX_HEADER = "Whereami/Whereami-Prefix.pch";
				INFOPLIST_FILE = "Whereami/Whereami-Info.plist";
				PRODUCT_NAME = "$(TARGET_NAME)";
				WRAPPER_EXTENSION = app;
			};
			name = Debug;
		};
		14F9CDD21590FA3700BE58D8 /* Release */ = {
			isa = XCBuildConfiguration;
			buildSettings = {
				GCC_PRECOMPILE_PREFIX_HEADER = YES;
				GCC_PREFIX_HEADER = "Whereami/Whereami-Prefix.pch";
				INFOPLIST_FILE = "Whereami/Whereami-Info.plist";
				PRODUCT_NAME = "$(TARGET_NAME)";
				WRAPPER_EXTENSION = app;
			};
			name = Release;
		};
/* End XCBuildConfiguration section */

/* Begin XCConfigurationList section */
		14F9CDAC1590FA3700BE58D8 /* Build configuration list for PBXProject "Whereami" */ = {
			isa = XCConfigurationList;
			buildConfigurations = (
				14F9CDCE1590FA3700BE58D8 /* Debug */,
				14F9CDCF1590FA3700BE58D8 /* Release */,
			);
			defaultConfigurationIsVisible = 0;
			defaultConfigurationName = Release;
		};
		14F9CDD01590FA3700BE58D8 /* Build configuration list for PBXNativeTarget "Whereami" */ = {
			isa = XCConfigurationList;
			buildConfigurations = (
				14F9CDD11590FA3700BE58D8 /* Debug */,
				14F9CDD21590FA3700BE58D8 /* Release */,
			);
			defaultConfigurationIsVisible = 0;
			defaultConfigurationName = Release;
		};
/* End XCConfigurationList section */
	};
	rootObject = 14F9CDA91590FA3700BE58D8 /* Project object */;
}
